
Microsoft Visual Studio Solution File, Format Version 12.00
# Visual Studio Version 17
VisualStudioVersion = 17.0.32112.339
MinimumVisualStudioVersion = 10.0.40219.1
Project("{FAE04EC0-301F-11D3-BF4B-00C04F79EFBC}") = "RomanNumerals", "RomanNumerals\RomanNumerals.csproj", "{AE0E988C-B1FF-4CFC-9DC8-86AD4288FD74}"
EndProject
Global
	GlobalSection(SolutionConfigurationPlatforms) = preSolution
		Debug|Any CPU = Debug|Any CPU
		Release|Any CPU = Release|Any CPU
	EndGlobalSection
	GlobalSection(ProjectConfigurationPlatforms) = postSolution
		{AE0E988C-B1FF-4CFC-9DC8-86AD4288FD74}.Debug|Any CPU.ActiveCfg = Debug|Any CPU
		{AE0E988C-B1FF-4CFC-9DC8-86AD4288FD74}.Debug|Any CPU.Build.0 = Debug|Any CPU
		{AE0E988C-B1FF-4CFC-9DC8-86AD4288FD74}.Release|Any CPU.ActiveCfg = Release|Any CPU
		{AE0E988C-B1FF-4CFC-9DC8-86AD4288FD74}.Release|Any CPU.Build.0 = Release|Any CPU
	EndGlobalSection
	GlobalSection(SolutionProperties) = preSolution
		HideSolutionNode = FALSE
	EndGlobalSection
	GlobalSection(ExtensibilityGlobals) = postSolution
		SolutionGuid = {98F02A0D-B181-4531-AF02-547799E94797}
	EndGlobalSection
EndGlobal
